
Microsoft Visual Studio Solution File, Format Version 12.00
# Visual Studio Version 16
VisualStudioVersion = 16.0.31205.134
MinimumVisualStudioVersion = 10.0.40219.1
Project("{FAE04EC0-301F-11D3-BF4B-00C04F79EFBC}") = "Jureg.App", "src\Jureg.App\Jureg.App.csproj", "{7A9CF773-E45E-4176-B1D4-C8EC2D879E5E}"
EndProject
Project("{FAE04EC0-301F-11D3-BF4B-00C04F79EFBC}") = "Jureg.Business", "src\Jureg.Business\Jureg.Business.csproj", "{5EE791F6-D938-40C4-B204-8B973322B168}"
EndProject
Project("{FAE04EC0-301F-11D3-BF4B-00C04F79EFBC}") = "Jureg.Data", "src\Jureg.Data\Jureg.Data.csproj", "{DC5383FB-E848-455A-9252-5477F46525EB}"
EndProject
Global
	GlobalSection(SolutionConfigurationPlatforms) = preSolution
		Debug|Any CPU = Debug|Any CPU
		Release|Any CPU = Release|Any CPU
	EndGlobalSection
	GlobalSection(ProjectConfigurationPlatforms) = postSolution
		{7A9CF773-E45E-4176-B1D4-C8EC2D879E5E}.Debug|Any CPU.ActiveCfg = Debug|Any CPU
		{7A9CF773-E45E-4176-B1D4-C8EC2D879E5E}.Debug|Any CPU.Build.0 = Debug|Any CPU
		{7A9CF773-E45E-4176-B1D4-C8EC2D879E5E}.Release|Any CPU.ActiveCfg = Release|Any CPU
		{7A9CF773-E45E-4176-B1D4-C8EC2D879E5E}.Release|Any CPU.Build.0 = Release|Any CPU
		{5EE791F6-D938-40C4-B204-8B973322B168}.Debug|Any CPU.ActiveCfg = Debug|Any CPU
		{5EE791F6-D938-40C4-B204-8B973322B168}.Debug|Any CPU.Build.0 = Debug|Any CPU
		{5EE791F6-D938-40C4-B204-8B973322B168}.Release|Any CPU.ActiveCfg = Release|Any CPU
		{5EE791F6-D938-40C4-B204-8B973322B168}.Release|Any CPU.Build.0 = Release|Any CPU
		{DC5383FB-E848-455A-9252-5477F46525EB}.Debug|Any CPU.ActiveCfg = Debug|Any CPU
		{DC5383FB-E848-455A-9252-5477F46525EB}.Debug|Any CPU.Build.0 = Debug|Any CPU
		{DC5383FB-E848-455A-9252-5477F46525EB}.Release|Any CPU.ActiveCfg = Release|Any CPU
		{DC5383FB-E848-455A-9252-5477F46525EB}.Release|Any CPU.Build.0 = Release|Any CPU
	EndGlobalSection
	GlobalSection(SolutionProperties) = preSolution
		HideSolutionNode = FALSE
	EndGlobalSection
	GlobalSection(ExtensibilityGlobals) = postSolution
		SolutionGuid = {081E517B-6831-44BF-8867-EDED8C1E6E82}
	EndGlobalSection
EndGlobal
